// !$*UTF8*$!
{
	archiveVersion = 1;
	classes = {
	};
	objectVersion = 46;
	objects = {

/* Begin PBXBuildFile section */
		63AD72E01DD381620055F633 /* AppDelegate.swift in Sources */ = {isa = PBXBuildFile; fileRef = 63AD72DF1DD381620055F633 /* AppDelegate.swift */; };
		63AD72E21DD381620055F633 /* ViewController.swift in Sources */ = {isa = PBXBuildFile; fileRef = 63AD72E11DD381620055F633 /* ViewController.swift */; };
		63AD72E51DD381620055F633 /* Main.storyboard in Resources */ = {isa = PBXBuildFile; fileRef = 63AD72E31DD381620055F633 /* Main.storyboard */; };
		63AD72E71DD381620055F633 /* Assets.xcassets in Resources */ = {isa = PBXBuildFile; fileRef = 63AD72E61DD381620055F633 /* Assets.xcassets */; };
		63AD72EA1DD381620055F633 /* LaunchScreen.storyboard in Resources */ = {isa = PBXBuildFile; fileRef = 63AD72E81DD381620055F633 /* LaunchScreen.storyboard */; };
		63AD72F51DD381620055F633 /* SmartPharmaTests.swift in Sources */ = {isa = PBXBuildFile; fileRef = 63AD72F41DD381620055F633 /* SmartPharmaTests.swift */; };
		63AD73001DD381620055F633 /* SmartPharmaUITests.swift in Sources */ = {isa = PBXBuildFile; fileRef = 63AD72FF1DD381620055F633 /* SmartPharmaUITests.swift */; };
/* End PBXBuildFile section */

/* Begin PBXContainerItemProxy section */
		63AD72F11DD381620055F633 /* PBXContainerItemProxy */ = {
			isa = PBXContainerItemProxy;
			containerPortal = 63AD72D41DD381620055F633 /* Project object */;
			proxyType = 1;
			remoteGlobalIDString = 63AD72DB1DD381620055F633;
			remoteInfo = SmartPharma;
		};
		63AD72FC1DD381620055F633 /* PBXContainerItemProxy */ = {
			isa = PBXContainerItemProxy;
			containerPortal = 63AD72D41DD381620055F633 /* Project object */;
			proxyType = 1;
			remoteGlobalIDString = 63AD72DB1DD381620055F633;
			remoteInfo = SmartPharma;
		};
/* End PBXContainerItemProxy section */

/* Begin PBXFileReference section */
		63AD72DC1DD381620055F633 /* SmartPharma.app */ = {isa = PBXFileReference; explicitFileType = wrapper.application; includeInIndex = 0; path = SmartPharma.app; sourceTree = BUILT_PRODUCTS_DIR; };
		63AD72DF1DD381620055F633 /* AppDelegate.swift */ = {isa = PBXFileReference; lastKnownFileType = sourcecode.swift; path = AppDelegate.swift; sourceTree = "<group>"; };
		63AD72E11DD381620055F633 /* ViewController.swift */ = {isa = PBXFileReference; lastKnownFileType = sourcecode.swift; path = ViewController.swift; sourceTree = "<group>"; };
		63AD72E41DD381620055F633 /* Base */ = {isa = PBXFileReference; lastKnownFileType = file.storyboard; name = Base; path = Base.lproj/Main.storyboard; sourceTree = "<group>"; };
		63AD72E61DD381620055F633 /* Assets.xcassets */ = {isa = PBXFileReference; lastKnownFileType = folder.assetcatalog; path = Assets.xcassets; sourceTree = "<group>"; };
		63AD72E91DD381620055F633 /* Base */ = {isa = PBXFileReference; lastKnownFileType = file.storyboard; name = Base; path = Base.lproj/LaunchScreen.storyboard; sourceTree = "<group>"; };
		63AD72EB1DD381620055F633 /* Info.plist */ = {isa = PBXFileReference; lastKnownFileType = text.plist.xml; path = Info.plist; sourceTree = "<group>"; };
		63AD72F01DD381620055F633 /* SmartPharmaTests.xctest */ = {isa = PBXFileReference; explicitFileType = wrapper.cfbundle; includeInIndex = 0; path = SmartPharmaTests.xctest; sourceTree = BUILT_PRODUCTS_DIR; };
		63AD72F41DD381620055F633 /* SmartPharmaTests.swift */ = {isa = PBXFileReference; lastKnownFileType = sourcecode.swift; path = SmartPharmaTests.swift; sourceTree = "<group>"; };
		63AD72F61DD381620055F633 /* Info.plist */ = {isa = PBXFileReference; lastKnownFileType = text.plist.xml; path = Info.plist; sourceTree = "<group>"; };
		63AD72FB1DD381620055F633 /* SmartPharmaUITests.xctest */ = {isa = PBXFileReference; explicitFileType = wrapper.cfbundle; includeInIndex = 0; path = SmartPharmaUITests.xctest; sourceTree = BUILT_PRODUCTS_DIR; };
		63AD72FF1DD381620055F633 /* SmartPharmaUITests.swift */ = {isa = PBXFileReference; lastKnownFileType = sourcecode.swift; path = SmartPharmaUITests.swift; sourceTree = "<group>"; };
		63AD73011DD381620055F633 /* Info.plist */ = {isa = PBXFileReference; lastKnownFileType = text.plist.xml; path = Info.plist; sourceTree = "<group>"; };
/* End PBXFileReference section */

/* Begin PBXFrameworksBuildPhase section */
		63AD72D91DD381620055F633 /* Frameworks */ = {
			isa = PBXFrameworksBuildPhase;
			buildActionMask = 2147483647;
			files = (
			);
			runOnlyForDeploymentPostprocessing = 0;
		};
		63AD72ED1DD381620055F633 /* Frameworks */ = {
			isa = PBXFrameworksBuildPhase;
			buildActionMask = 2147483647;
			files = (
			);
			runOnlyForDeploymentPostprocessing = 0;
		};
		63AD72F81DD381620055F633 /* Frameworks */ = {
			isa = PBXFrameworksBuildPhase;
			buildActionMask = 2147483647;
			files = (
			);
			runOnlyForDeploymentPostprocessing = 0;
		};
/* End PBXFrameworksBuildPhase section */

/* Begin PBXGroup section */
		638969231DD4C23600D2B5A6 /* Controlador */ = {
			isa = PBXGroup;
			children = (
				63AD72E11DD381620055F633 /* ViewController.swift */,
			);
			name = Controlador;
			sourceTree = "<group>";
		};
		63AD72D31DD381620055F633 = {
			isa = PBXGroup;
			children = (
				63AD72DE1DD381620055F633 /* SmartPharma */,
				63AD72F31DD381620055F633 /* SmartPharmaTests */,
				63AD72FE1DD381620055F633 /* SmartPharmaUITests */,
				63AD72DD1DD381620055F633 /* Products */,
			);
			sourceTree = "<group>";
		};
		63AD72DD1DD381620055F633 /* Products */ = {
			isa = PBXGroup;
			children = (
				63AD72DC1DD381620055F633 /* SmartPharma.app */,
				63AD72F01DD381620055F633 /* SmartPharmaTests.xctest */,
				63AD72FB1DD381620055F633 /* SmartPharmaUITests.xctest */,
			);
			name = Products;
			sourceTree = "<group>";
		};
		63AD72DE1DD381620055F633 /* SmartPharma */ = {
			isa = PBXGroup;
			children = (
				638969231DD4C23600D2B5A6 /* Controlador */,
				63AD72DF1DD381620055F633 /* AppDelegate.swift */,
				63AD72E31DD381620055F633 /* Main.storyboard */,
				63AD72E61DD381620055F633 /* Assets.xcassets */,
				63AD72E81DD381620055F633 /* LaunchScreen.storyboard */,
				63AD72EB1DD381620055F633 /* Info.plist */,
			);
			path = SmartPharma;
			sourceTree = "<group>";
		};
		63AD72F31DD381620055F633 /* SmartPharmaTests */ = {
			isa = PBXGroup;
			children = (
				63AD72F41DD381620055F633 /* SmartPharmaTests.swift */,
				63AD72F61DD381620055F633 /* Info.plist */,
			);
			path = SmartPharmaTests;
			sourceTree = "<group>";
		};
		63AD72FE1DD381620055F633 /* SmartPharmaUITests */ = {
			isa = PBXGroup;
			children = (
				63AD72FF1DD381620055F633 /* SmartPharmaUITests.swift */,
				63AD73011DD381620055F633 /* Info.plist */,
			);
			path = SmartPharmaUITests;
			sourceTree = "<group>";
		};
/* End PBXGroup section */

/* Begin PBXNativeTarget section */
		63AD72DB1DD381620055F633 /* SmartPharma */ = {
			isa = PBXNativeTarget;
			buildConfigurationList = 63AD73041DD381620055F633 /* Build configuration list for PBXNativeTarget "SmartPharma" */;
			buildPhases = (
				63AD72D81DD381620055F633 /* Sources */,
				63AD72D91DD381620055F633 /* Frameworks */,
				63AD72DA1DD381620055F633 /* Resources */,
			);
			buildRules = (
			);
			dependencies = (
			);
			name = SmartPharma;
			productName = SmartPharma;
			productReference = 63AD72DC1DD381620055F633 /* SmartPharma.app */;
			productType = "com.apple.product-type.application";
		};
		63AD72EF1DD381620055F633 /* SmartPharmaTests */ = {
			isa = PBXNativeTarget;
			buildConfigurationList = 63AD73071DD381620055F633 /* Build configuration list for PBXNativeTarget "SmartPharmaTests" */;
			buildPhases = (
				63AD72EC1DD381620055F633 /* Sources */,
				63AD72ED1DD381620055F633 /* Frameworks */,
				63AD72EE1DD381620055F633 /* Resources */,
			);
			buildRules = (
			);
			dependencies = (
				63AD72F21DD381620055F633 /* PBXTargetDependency */,
			);
			name = SmartPharmaTests;
			productName = SmartPharmaTests;
			productReference = 63AD72F01DD381620055F633 /* SmartPharmaTests.xctest */;
			productType = "com.apple.product-type.bundle.unit-test";
		};
		63AD72FA1DD381620055F633 /* SmartPharmaUITests */ = {
			isa = PBXNativeTarget;
			buildConfigurationList = 63AD730A1DD381620055F633 /* Build configuration list for PBXNativeTarget "SmartPharmaUITests" */;
			buildPhases = (
				63AD72F71DD381620055F633 /* Sources */,
				63AD72F81DD381620055F633 /* Frameworks */,
				63AD72F91DD381620055F633 /* Resources */,
			);
			buildRules = (
			);
			dependencies = (
				63AD72FD1DD381620055F633 /* PBXTargetDependency */,
			);
			name = SmartPharmaUITests;
			productName = SmartPharmaUITests;
			productReference = 63AD72FB1DD381620055F633 /* SmartPharmaUITests.xctest */;
			productType = "com.apple.product-type.bundle.ui-testing";
		};
/* End PBXNativeTarget section */

/* Begin PBXProject section */
		63AD72D41DD381620055F633 /* Project object */ = {
			isa = PBXProject;
			attributes = {
				LastSwiftUpdateCheck = 0730;
				LastUpgradeCheck = 0730;
				ORGANIZATIONNAME = David;
				TargetAttributes = {
					63AD72DB1DD381620055F633 = {
						CreatedOnToolsVersion = 7.3.1;
					};
					63AD72EF1DD381620055F633 = {
						CreatedOnToolsVersion = 7.3.1;
						TestTargetID = 63AD72DB1DD381620055F633;
					};
					63AD72FA1DD381620055F633 = {
						CreatedOnToolsVersion = 7.3.1;
						TestTargetID = 63AD72DB1DD381620055F633;
					};
				};
			};
			buildConfigurationList = 63AD72D71DD381620055F633 /* Build configuration list for PBXProject "SmartPharma" */;
			compatibilityVersion = "Xcode 3.2";
			developmentRegion = English;
			hasScannedForEncodings = 0;
			knownRegions = (
				en,
				Base,
			);
			mainGroup = 63AD72D31DD381620055F633;
			productRefGroup = 63AD72DD1DD381620055F633 /* Products */;
			projectDirPath = "";
			projectRoot = "";
			targets = (
				63AD72DB1DD381620055F633 /* SmartPharma */,
				63AD72EF1DD381620055F633 /* SmartPharmaTests */,
				63AD72FA1DD381620055F633 /* SmartPharmaUITests */,
			);
		};
/* End PBXProject section */

/* Begin PBXResourcesBuildPhase section */
		63AD72DA1DD381620055F633 /* Resources */ = {
			isa = PBXResourcesBuildPhase;
			buildActionMask = 2147483647;
			files = (
				63AD72EA1DD381620055F633 /* LaunchScreen.storyboard in Resources */,
				63AD72E71DD381620055F633 /* Assets.xcassets in Resources */,
				63AD72E51DD381620055F633 /* Main.storyboard in Resources */,
			);
			runOnlyForDeploymentPostprocessing = 0;
		};
		63AD72EE1DD381620055F633 /* Resources */ = {
			isa = PBXResourcesBuildPhase;
			buildActionMask = 2147483647;
			files = (
			);
			runOnlyForDeploymentPostprocessing = 0;
		};
		63AD72F91DD381620055F633 /* Resources */ = {
			isa = PBXResourcesBuildPhase;
			buildActionMask = 2147483647;
			files = (
			);
			runOnlyForDeploymentPostprocessing = 0;
		};
/* End PBXResourcesBuildPhase section */

/* Begin PBXSourcesBuildPhase section */
		63AD72D81DD381620055F633 /* Sources */ = {
			isa = PBXSourcesBuildPhase;
			buildActionMask = 2147483647;
			files = (
				63AD72E21DD381620055F633 /* ViewController.swift in Sources */,
				63AD72E01DD381620055F633 /* AppDelegate.swift in Sources */,
			);
			runOnlyForDeploymentPostprocessing = 0;
		};
		63AD72EC1DD381620055F633 /* Sources */ = {
			isa = PBXSourcesBuildPhase;
			buildActionMask = 2147483647;
			files = (
				63AD72F51DD381620055F633 /* SmartPharmaTests.swift in Sources */,
			);
			runOnlyForDeploymentPostprocessing = 0;
		};
		63AD72F71DD381620055F633 /* Sources */ = {
			isa = PBXSourcesBuildPhase;
			buildActionMask = 2147483647;
			files = (
				63AD73001DD381620055F633 /* SmartPharmaUITests.swift in Sources */,
			);
			runOnlyForDeploymentPostprocessing = 0;
		};
/* End PBXSourcesBuildPhase section */

/* Begin PBXTargetDependency section */
		63AD72F21DD381620055F633 /* PBXTargetDependency */ = {
			isa = PBXTargetDependency;
			target = 63AD72DB1DD381620055F633 /* SmartPharma */;
			targetProxy = 63AD72F11DD381620055F633 /* PBXContainerItemProxy */;
		};
		63AD72FD1DD381620055F633 /* PBXTargetDependency */ = {
			isa = PBXTargetDependency;
			target = 63AD72DB1DD381620055F633 /* SmartPharma */;
			targetProxy = 63AD72FC1DD381620055F633 /* PBXContainerItemProxy */;
		};
/* End PBXTargetDependency section */

/* Begin PBXVariantGroup section */
		63AD72E31DD381620055F633 /* Main.storyboard */ = {
			isa = PBXVariantGroup;
			children = (
				63AD72E41DD381620055F633 /* Base */,
			);
			name = Main.storyboard;
			sourceTree = "<group>";
		};
		63AD72E81DD381620055F633 /* LaunchScreen.storyboard */ = {
			isa = PBXVariantGroup;
			children = (
				63AD72E91DD381620055F633 /* Base */,
			);
			name = LaunchScreen.storyboard;
			sourceTree = "<group>";
		};
/* End PBXVariantGroup section */

/* Begin XCBuildConfiguration section */
		63AD73021DD381620055F633 /* Debug */ = {
			isa = XCBuildConfiguration;
			buildSettings = {
				ALWAYS_SEARCH_USER_PATHS = NO;
				CLANG_ANALYZER_NONNULL = YES;
				CLANG_CXX_LANGUAGE_STANDARD = "gnu++0x";
				CLANG_CXX_LIBRARY = "libc++";
				CLANG_ENABLE_MODULES = YES;
				CLANG_ENABLE_OBJC_ARC = YES;
				CLANG_WARN_BOOL_CONVERSION = YES;
				CLANG_WARN_CONSTANT_CONVERSION = YES;
				CLANG_WARN_DIRECT_OBJC_ISA_USAGE = YES_ERROR;
				CLANG_WARN_EMPTY_BODY = YES;
				CLANG_WARN_ENUM_CONVERSION = YES;
				CLANG_WARN_INT_CONVERSION = YES;
				CLANG_WARN_OBJC_ROOT_CLASS = YES_ERROR;
				CLANG_WARN_UNREACHABLE_CODE = YES;
				CLANG_WARN__DUPLICATE_METHOD_MATCH = YES;
				"CODE_SIGN_IDENTITY[sdk=iphoneos*]" = "iPhone Developer";
				COPY_PHASE_STRIP = NO;
				DEBUG_INFORMATION_FORMAT = dwarf;
				ENABLE_STRICT_OBJC_MSGSEND = YES;
				ENABLE_TESTABILITY = YES;
				GCC_C_LANGUAGE_STANDARD = gnu99;
				GCC_DYNAMIC_NO_PIC = NO;
				GCC_NO_COMMON_BLOCKS = YES;
				GCC_OPTIMIZATION_LEVEL = 0;
				GCC_PREPROCESSOR_DEFINITIONS = (
					"DEBUG=1",
					"$(inherited)",
				);
				GCC_WARN_64_TO_32_BIT_CONVERSION = YES;
				GCC_WARN_ABOUT_RETURN_TYPE = YES_ERROR;
				GCC_WARN_UNDECLARED_SELECTOR = YES;
				GCC_WARN_UNINITIALIZED_AUTOS = YES_AGGRESSIVE;
				GCC_WARN_UNUSED_FUNCTION = YES;
				GCC_WARN_UNUSED_VARIABLE = YES;
				IPHONEOS_DEPLOYMENT_TARGET = 9.3;
				MTL_ENABLE_DEBUG_INFO = YES;
				ONLY_ACTIVE_ARCH = YES;
				SDKROOT = iphoneos;
				SWIFT_OPTIMIZATION_LEVEL = "-Onone";
				TARGETED_DEVICE_FAMILY = "1,2";
			};
			name = Debug;
		};
		63AD73031DD381620055F633 /* Release */ = {
			isa = XCBuildConfiguration;
			buildSettings = {
				ALWAYS_SEARCH_USER_PATHS = NO;
				CLANG_ANALYZER_NONNULL = YES;
				CLANG_CXX_LANGUAGE_STANDARD = "gnu++0x";
				CLANG_CXX_LIBRARY = "libc++";
				CLANG_ENABLE_MODULES = YES;
				CLANG_ENABLE_OBJC_ARC = YES;
				CLANG_WARN_BOOL_CONVERSION = YES;
				CLANG_WARN_CONSTANT_CONVERSION = YES;
				CLANG_WARN_DIRECT_OBJC_ISA_USAGE = YES_ERROR;
				CLANG_WARN_EMPTY_BODY = YES;
				CLANG_WARN_ENUM_CONVERSION = YES;
				CLANG_WARN_INT_CONVERSION = YES;
				CLANG_WARN_OBJC_ROOT_CLASS = YES_ERROR;
				CLANG_WARN_UNREACHABLE_CODE = YES;
				CLANG_WARN__DUPLICATE_METHOD_MATCH = YES;
				"CODE_SIGN_IDENTITY[sdk=iphoneos*]" = "iPhone Developer";
				COPY_PHASE_STRIP = NO;
				DEBUG_INFORMATION_FORMAT = "dwarf-with-dsym";
				ENABLE_NS_ASSERTIONS = NO;
				ENABLE_STRICT_OBJC_MSGSEND = YES;
				GCC_C_LANGUAGE_STANDARD = gnu99;
				GCC_NO_COMMON_BLOCKS = YES;
				GCC_WARN_64_TO_32_BIT_CONVERSION = YES;
				GCC_WARN_ABOUT_RETURN_TYPE = YES_ERROR;
				GCC_WARN_UNDECLARED_SELECTOR = YES;
				GCC_WARN_UNINITIALIZED_AUTOS = YES_AGGRESSIVE;
				GCC_WARN_UNUSED_FUNCTION = YES;
				GCC_WARN_UNUSED_VARIABLE = YES;
				IPHONEOS_DEPLOYMENT_TARGET = 9.3;
				MTL_ENABLE_DEBUG_INFO = NO;
				SDKROOT = iphoneos;
				TARGETED_DEVICE_FAMILY = "1,2";
				VALIDATE_PRODUCT = YES;
			};
			name = Release;
		};
		63AD73051DD381620055F633 /* Debug */ = {
			isa = XCBuildConfiguration;
			buildSettings = {
				ASSETCATALOG_COMPILER_APPICON_NAME = AppIcon;
				INFOPLIST_FILE = SmartPharma/Info.plist;
				LD_RUNPATH_SEARCH_PATHS = "$(inherited) @executable_path/Frameworks";
				PRODUCT_BUNDLE_IDENTIFIER = PEM.SmartPharma;
				PRODUCT_NAME = "$(TARGET_NAME)";
			};
			name = Debug;
		};
		63AD73061DD381620055F633 /* Release */ = {
			isa = XCBuildConfiguration;
			buildSettings = {
				ASSETCATALOG_COMPILER_APPICON_NAME = AppIcon;
				INFOPLIST_FILE = SmartPharma/Info.plist;
				LD_RUNPATH_SEARCH_PATHS = "$(inherited) @executable_path/Frameworks";
				PRODUCT_BUNDLE_IDENTIFIER = PEM.SmartPharma;
				PRODUCT_NAME = "$(TARGET_NAME)";
			};
			name = Release;
		};
		63AD73081DD381620055F633 /* Debug */ = {
			isa = XCBuildConfiguration;
			buildSettings = {
				BUNDLE_LOADER = "$(TEST_HOST)";
				INFOPLIST_FILE = SmartPharmaTests/Info.plist;
				LD_RUNPATH_SEARCH_PATHS = "$(inherited) @executable_path/Frameworks @loader_path/Frameworks";
				PRODUCT_BUNDLE_IDENTIFIER = PEM.SmartPharmaTests;
				PRODUCT_NAME = "$(TARGET_NAME)";
				TEST_HOST = "$(BUILT_PRODUCTS_DIR)/SmartPharma.app/SmartPharma";
			};
			name = Debug;
		};
		63AD73091DD381620055F633 /* Release */ = {
			isa = XCBuildConfiguration;
			buildSettings = {
				BUNDLE_LOADER = "$(TEST_HOST)";
				INFOPLIST_FILE = SmartPharmaTests/Info.plist;
				LD_RUNPATH_SEARCH_PATHS = "$(inherited) @executable_path/Frameworks @loader_path/Frameworks";
				PRODUCT_BUNDLE_IDENTIFIER = PEM.SmartPharmaTests;
				PRODUCT_NAME = "$(TARGET_NAME)";
				TEST_HOST = "$(BUILT_PRODUCTS_DIR)/SmartPharma.app/SmartPharma";
			};
			name = Release;
		};
		63AD730B1DD381620055F633 /* Debug */ = {
			isa = XCBuildConfiguration;
			buildSettings = {
				INFOPLIST_FILE = SmartPharmaUITests/Info.plist;
				LD_RUNPATH_SEARCH_PATHS = "$(inherited) @executable_path/Frameworks @loader_path/Frameworks";
				PRODUCT_BUNDLE_IDENTIFIER = PEM.SmartPharmaUITests;
				PRODUCT_NAME = "$(TARGET_NAME)";
				TEST_TARGET_NAME = SmartPharma;
			};
			name = Debug;
		};
		63AD730C1DD381620055F633 /* Release */ = {
			isa = XCBuildConfiguration;
			buildSettings = {
				INFOPLIST_FILE = SmartPharmaUITests/Info.plist;
				LD_RUNPATH_SEARCH_PATHS = "$(inherited) @executable_path/Frameworks @loader_path/Frameworks";
				PRODUCT_BUNDLE_IDENTIFIER = PEM.SmartPharmaUITests;
				PRODUCT_NAME = "$(TARGET_NAME)";
				TEST_TARGET_NAME = SmartPharma;
			};
			name = Release;
		};
/* End XCBuildConfiguration section */

/* Begin XCConfigurationList section */
		63AD72D71DD381620055F633 /* Build configuration list for PBXProject "SmartPharma" */ = {
			isa = XCConfigurationList;
			buildConfigurations = (
				63AD73021DD381620055F633 /* Debug */,
				63AD73031DD381620055F633 /* Release */,
			);
			defaultConfigurationIsVisible = 0;
			defaultConfigurationName = Release;
		};
		63AD73041DD381620055F633 /* Build configuration list for PBXNativeTarget "SmartPharma" */ = {
			isa = XCConfigurationList;
			buildConfigurations = (
				63AD73051DD381620055F633 /* Debug */,
				63AD73061DD381620055F633 /* Release */,
			);
			defaultConfigurationIsVisible = 0;
			defaultConfigurationName = Release;
		};
		63AD73071DD381620055F633 /* Build configuration list for PBXNativeTarget "SmartPharmaTests" */ = {
			isa = XCConfigurationList;
			buildConfigurations = (
				63AD73081DD381620055F633 /* Debug */,
				63AD73091DD381620055F633 /* Release */,
			);
			defaultConfigurationIsVisible = 0;
			defaultConfigurationName = Release;
		};
		63AD730A1DD381620055F633 /* Build configuration list for PBXNativeTarget "SmartPharmaUITests" */ = {
			isa = XCConfigurationList;
			buildConfigurations = (
				63AD730B1DD381620055F633 /* Debug */,
				63AD730C1DD381620055F633 /* Release */,
			);
			defaultConfigurationIsVisible = 0;
			defaultConfigurationName = Release;
		};
/* End XCConfigurationList section */
	};
	rootObject = 63AD72D41DD381620055F633 /* Project object */;
}
